
Microsoft Visual Studio Solution File, Format Version 12.00
# Visual Studio Version 16
VisualStudioVersion = 16.0.28803.352
MinimumVisualStudioVersion = 10.0.40219.1
Project("{9A19103F-16F7-4668-BE54-9A1E7A4F7556}") = "Intellias.CQRS.Core", "src\Intellias.CQRS.Core\Intellias.CQRS.Core.csproj", "{AA48FC21-A626-4F33-9FDB-77F03B74CA5B}"
EndProject
Project("{2150E333-8FDC-42A3-9474-1A3956D46DE8}") = "Solution Items", "Solution Items", "{66AA23B1-E838-419A-AD8C-253D796AFB39}"
	ProjectSection(SolutionItems) = preProject
		.editorconfig = .editorconfig
		Directory.Build.props = Directory.Build.props
		Intellias.CQRS.sln.DotSettings = Intellias.CQRS.sln.DotSettings
		Intellias.ruleset = Intellias.ruleset
		stylecop.json = stylecop.json
	EndProjectSection
EndProject
Project("{9A19103F-16F7-4668-BE54-9A1E7A4F7556}") = "Intellias.CQRS.EventStore.AzureTable", "src\Intellias.CQRS.EventStore.AzureTable\Intellias.CQRS.EventStore.AzureTable.csproj", "{C49D3944-445A-431A-B57F-D1FBCB04573D}"
EndProject
Project("{9A19103F-16F7-4668-BE54-9A1E7A4F7556}") = "Intellias.CQRS.EventBus.AzureServiceBus", "src\Intellias.CQRS.EventBus.AzureServiceBus\Intellias.CQRS.EventBus.AzureServiceBus.csproj", "{73120A96-3D98-4582-BCDE-25CAA36F7ED9}"
EndProject
Project("{9A19103F-16F7-4668-BE54-9A1E7A4F7556}") = "Intellias.CQRS.Tests.Core", "test\Intellias.CQRS.Tests.Core\Intellias.CQRS.Tests.Core.csproj", "{5E758EFE-C893-4652-8F4E-D68D407603A4}"
EndProject
Project("{9A19103F-16F7-4668-BE54-9A1E7A4F7556}") = "Intellias.CQRS.QueryStore.AzureTable", "src\Intellias.CQRS.QueryStore.AzureTable\Intellias.CQRS.QueryStore.AzureTable.csproj", "{98FEE787-E48B-44ED-809F-B45F34F2C9C0}"
EndProject
Project("{9A19103F-16F7-4668-BE54-9A1E7A4F7556}") = "Intellias.CQRS.CommandStore.AzureTable", "src\Intellias.CQRS.CommandStore.AzureTable\Intellias.CQRS.CommandStore.AzureTable.csproj", "{4E5A3D9E-3CFE-41CD-8322-87F906B2FF14}"
EndProject
Project("{2150E333-8FDC-42A3-9474-1A3956D46DE8}") = "Src", "Src", "{428BE606-30C0-4D28-870B-A892A2854C43}"
EndProject
Project("{2150E333-8FDC-42A3-9474-1A3956D46DE8}") = "Test", "Test", "{0D3C6160-9287-4C5F-BC52-27321F544756}"
EndProject
Project("{9A19103F-16F7-4668-BE54-9A1E7A4F7556}") = "Intellias.CQRS.CommandBus.AzureServiceBus", "src\Intellias.CQRS.CommandBus.AzureServiceBus\Intellias.CQRS.CommandBus.AzureServiceBus.csproj", "{9A0A9981-BE94-418A-A46C-6C6081E2398E}"
EndProject
Project("{9A19103F-16F7-4668-BE54-9A1E7A4F7556}") = "Intellias.CQRS.Tests", "test\Intellias.CQRS.Tests\Intellias.CQRS.Tests.csproj", "{E1DE9EDB-8F92-4A68-B109-3D5AED9B4EEA}"
EndProject
Project("{9A19103F-16F7-4668-BE54-9A1E7A4F7556}") = "Intellias.CQRS.DomainServices", "src\Intellias.CQRS.DomainServices\Intellias.CQRS.DomainServices.csproj", "{CE9DE89D-0D46-4550-85D2-63FA8D2A264E}"
EndProject
Project("{9A19103F-16F7-4668-BE54-9A1E7A4F7556}") = "Intellias.CQRS.Configuration", "src\Intellias.CQRS.Configuration\Intellias.CQRS.Configuration.csproj", "{07E770DC-93FB-4FAD-BD3E-2F3378490C9C}"
EndProject
Project("{2150E333-8FDC-42A3-9474-1A3956D46DE8}") = "deploy", "deploy", "{36062571-C384-4818-9F2E-A5C621153409}"
	ProjectSection(SolutionItems) = preProject
		deploy\azuredeploy.test.json = deploy\azuredeploy.test.json
		deploy\azuredeploy.test.ps1 = deploy\azuredeploy.test.ps1
	EndProjectSection
EndProject
Project("{9A19103F-16F7-4668-BE54-9A1E7A4F7556}") = "Intellias.CQRS.Compatibility.Tests", "test\Intellias.CQRS.Compatibility.Tests\Intellias.CQRS.Compatibility.Tests.csproj", "{B47C11A3-A42C-4B0C-85AE-B7771A573E46}"
EndProject
Global
	GlobalSection(SolutionConfigurationPlatforms) = preSolution
		Debug|Any CPU = Debug|Any CPU
		Release|Any CPU = Release|Any CPU
	EndGlobalSection
	GlobalSection(ProjectConfigurationPlatforms) = postSolution
		{AA48FC21-A626-4F33-9FDB-77F03B74CA5B}.Debug|Any CPU.ActiveCfg = Debug|Any CPU
		{AA48FC21-A626-4F33-9FDB-77F03B74CA5B}.Debug|Any CPU.Build.0 = Debug|Any CPU
		{AA48FC21-A626-4F33-9FDB-77F03B74CA5B}.Release|Any CPU.ActiveCfg = Release|Any CPU
		{AA48FC21-A626-4F33-9FDB-77F03B74CA5B}.Release|Any CPU.Build.0 = Release|Any CPU
		{C49D3944-445A-431A-B57F-D1FBCB04573D}.Debug|Any CPU.ActiveCfg = Debug|Any CPU
		{C49D3944-445A-431A-B57F-D1FBCB04573D}.Debug|Any CPU.Build.0 = Debug|Any CPU
		{C49D3944-445A-431A-B57F-D1FBCB04573D}.Release|Any CPU.ActiveCfg = Release|Any CPU
		{C49D3944-445A-431A-B57F-D1FBCB04573D}.Release|Any CPU.Build.0 = Release|Any CPU
		{73120A96-3D98-4582-BCDE-25CAA36F7ED9}.Debug|Any CPU.ActiveCfg = Debug|Any CPU
		{73120A96-3D98-4582-BCDE-25CAA36F7ED9}.Debug|Any CPU.Build.0 = Debug|Any CPU
		{73120A96-3D98-4582-BCDE-25CAA36F7ED9}.Release|Any CPU.ActiveCfg = Release|Any CPU
		{73120A96-3D98-4582-BCDE-25CAA36F7ED9}.Release|Any CPU.Build.0 = Release|Any CPU
		{5E758EFE-C893-4652-8F4E-D68D407603A4}.Debug|Any CPU.ActiveCfg = Debug|Any CPU
		{5E758EFE-C893-4652-8F4E-D68D407603A4}.Debug|Any CPU.Build.0 = Debug|Any CPU
		{5E758EFE-C893-4652-8F4E-D68D407603A4}.Release|Any CPU.ActiveCfg = Release|Any CPU
		{5E758EFE-C893-4652-8F4E-D68D407603A4}.Release|Any CPU.Build.0 = Release|Any CPU
		{98FEE787-E48B-44ED-809F-B45F34F2C9C0}.Debug|Any CPU.ActiveCfg = Debug|Any CPU
		{98FEE787-E48B-44ED-809F-B45F34F2C9C0}.Debug|Any CPU.Build.0 = Debug|Any CPU
		{98FEE787-E48B-44ED-809F-B45F34F2C9C0}.Release|Any CPU.ActiveCfg = Release|Any CPU
		{98FEE787-E48B-44ED-809F-B45F34F2C9C0}.Release|Any CPU.Build.0 = Release|Any CPU
		{4E5A3D9E-3CFE-41CD-8322-87F906B2FF14}.Debug|Any CPU.ActiveCfg = Debug|Any CPU
		{4E5A3D9E-3CFE-41CD-8322-87F906B2FF14}.Debug|Any CPU.Build.0 = Debug|Any CPU
		{4E5A3D9E-3CFE-41CD-8322-87F906B2FF14}.Release|Any CPU.ActiveCfg = Release|Any CPU
		{4E5A3D9E-3CFE-41CD-8322-87F906B2FF14}.Release|Any CPU.Build.0 = Release|Any CPU
		{9A0A9981-BE94-418A-A46C-6C6081E2398E}.Debug|Any CPU.ActiveCfg = Debug|Any CPU
		{9A0A9981-BE94-418A-A46C-6C6081E2398E}.Debug|Any CPU.Build.0 = Debug|Any CPU
		{9A0A9981-BE94-418A-A46C-6C6081E2398E}.Release|Any CPU.ActiveCfg = Release|Any CPU
		{9A0A9981-BE94-418A-A46C-6C6081E2398E}.Release|Any CPU.Build.0 = Release|Any CPU
		{E1DE9EDB-8F92-4A68-B109-3D5AED9B4EEA}.Debug|Any CPU.ActiveCfg = Debug|Any CPU
		{E1DE9EDB-8F92-4A68-B109-3D5AED9B4EEA}.Debug|Any CPU.Build.0 = Debug|Any CPU
		{E1DE9EDB-8F92-4A68-B109-3D5AED9B4EEA}.Release|Any CPU.ActiveCfg = Release|Any CPU
		{E1DE9EDB-8F92-4A68-B109-3D5AED9B4EEA}.Release|Any CPU.Build.0 = Release|Any CPU
		{CE9DE89D-0D46-4550-85D2-63FA8D2A264E}.Debug|Any CPU.ActiveCfg = Debug|Any CPU
		{CE9DE89D-0D46-4550-85D2-63FA8D2A264E}.Debug|Any CPU.Build.0 = Debug|Any CPU
		{CE9DE89D-0D46-4550-85D2-63FA8D2A264E}.Release|Any CPU.ActiveCfg = Release|Any CPU
		{CE9DE89D-0D46-4550-85D2-63FA8D2A264E}.Release|Any CPU.Build.0 = Release|Any CPU
		{07E770DC-93FB-4FAD-BD3E-2F3378490C9C}.Debug|Any CPU.ActiveCfg = Debug|Any CPU
		{07E770DC-93FB-4FAD-BD3E-2F3378490C9C}.Debug|Any CPU.Build.0 = Debug|Any CPU
		{07E770DC-93FB-4FAD-BD3E-2F3378490C9C}.Release|Any CPU.ActiveCfg = Release|Any CPU
		{07E770DC-93FB-4FAD-BD3E-2F3378490C9C}.Release|Any CPU.Build.0 = Release|Any CPU
		{B47C11A3-A42C-4B0C-85AE-B7771A573E46}.Debug|Any CPU.ActiveCfg = Debug|Any CPU
		{B47C11A3-A42C-4B0C-85AE-B7771A573E46}.Debug|Any CPU.Build.0 = Debug|Any CPU
		{B47C11A3-A42C-4B0C-85AE-B7771A573E46}.Release|Any CPU.ActiveCfg = Release|Any CPU
		{B47C11A3-A42C-4B0C-85AE-B7771A573E46}.Release|Any CPU.Build.0 = Release|Any CPU
	EndGlobalSection
	GlobalSection(SolutionProperties) = preSolution
		HideSolutionNode = FALSE
	EndGlobalSection
	GlobalSection(NestedProjects) = preSolution
		{AA48FC21-A626-4F33-9FDB-77F03B74CA5B} = {428BE606-30C0-4D28-870B-A892A2854C43}
		{C49D3944-445A-431A-B57F-D1FBCB04573D} = {428BE606-30C0-4D28-870B-A892A2854C43}
		{73120A96-3D98-4582-BCDE-25CAA36F7ED9} = {428BE606-30C0-4D28-870B-A892A2854C43}
		{5E758EFE-C893-4652-8F4E-D68D407603A4} = {0D3C6160-9287-4C5F-BC52-27321F544756}
		{98FEE787-E48B-44ED-809F-B45F34F2C9C0} = {428BE606-30C0-4D28-870B-A892A2854C43}
		{4E5A3D9E-3CFE-41CD-8322-87F906B2FF14} = {428BE606-30C0-4D28-870B-A892A2854C43}
		{9A0A9981-BE94-418A-A46C-6C6081E2398E} = {428BE606-30C0-4D28-870B-A892A2854C43}
		{E1DE9EDB-8F92-4A68-B109-3D5AED9B4EEA} = {0D3C6160-9287-4C5F-BC52-27321F544756}
		{CE9DE89D-0D46-4550-85D2-63FA8D2A264E} = {428BE606-30C0-4D28-870B-A892A2854C43}
		{07E770DC-93FB-4FAD-BD3E-2F3378490C9C} = {428BE606-30C0-4D28-870B-A892A2854C43}
		{36062571-C384-4818-9F2E-A5C621153409} = {66AA23B1-E838-419A-AD8C-253D796AFB39}
		{B47C11A3-A42C-4B0C-85AE-B7771A573E46} = {0D3C6160-9287-4C5F-BC52-27321F544756}
	EndGlobalSection
	GlobalSection(ExtensibilityGlobals) = postSolution
		SolutionGuid = {6B79CBDF-C02A-4448-96B6-CEB6CE59D144}
	EndGlobalSection
EndGlobal
